
Microsoft Visual Studio Solution File, Format Version 12.00
# Visual Studio Version 16
VisualStudioVersion = 16.0.30804.86
MinimumVisualStudioVersion = 10.0.40219.1
Project("{FAE04EC0-301F-11D3-BF4B-00C04F79EFBC}") = "TheOuterRim", "TheOuterRim.csproj", "{1649C7CA-AB35-4AD1-9DD2-2ED587EC509D}"
EndProject
Global
	GlobalSection(SolutionConfigurationPlatforms) = preSolution
		Debug|Any CPU = Debug|Any CPU
		Release|Any CPU = Release|Any CPU
	EndGlobalSection
	GlobalSection(ProjectConfigurationPlatforms) = postSolution
		{1649C7CA-AB35-4AD1-9DD2-2ED587EC509D}.Debug|Any CPU.ActiveCfg = Debug|Any CPU
		{1649C7CA-AB35-4AD1-9DD2-2ED587EC509D}.Debug|Any CPU.Build.0 = Debug|Any CPU
		{1649C7CA-AB35-4AD1-9DD2-2ED587EC509D}.Release|Any CPU.ActiveCfg = Release|Any CPU
		{1649C7CA-AB35-4AD1-9DD2-2ED587EC509D}.Release|Any CPU.Build.0 = Release|Any CPU
	EndGlobalSection
	GlobalSection(SolutionProperties) = preSolution
		HideSolutionNode = FALSE
	EndGlobalSection
	GlobalSection(ExtensibilityGlobals) = postSolution
		SolutionGuid = {EF003784-B2A1-43AF-A191-EE5878A9AA81}
	EndGlobalSection
EndGlobal
